// !$*UTF8*$!
{
	archiveVersion = 1;
	classes = {
	};
	objectVersion = 48;
	objects = {

/* Begin PBXBuildFile section */
		8B0B82832007642C00DE76C2 /* splash-screen__logo.png in Resources */ = {isa = PBXBuildFile; fileRef = 8B0B82822007642C00DE76C2 /* splash-screen__logo.png */; };
		8B1A64632008018C00F282B6 /* Info.plist in Resources */ = {isa = PBXBuildFile; fileRef = 8BB057CA20015A5400F6A97D /* Info.plist */; };
		8BB057BF20015A5400F6A97D /* AppDelegate.swift in Sources */ = {isa = PBXBuildFile; fileRef = 8BB057BE20015A5400F6A97D /* AppDelegate.swift */; };
		8BB057C120015A5400F6A97D /* ViewController.swift in Sources */ = {isa = PBXBuildFile; fileRef = 8BB057C020015A5400F6A97D /* ViewController.swift */; };
		8BB057C420015A5400F6A97D /* Main.storyboard in Resources */ = {isa = PBXBuildFile; fileRef = 8BB057C220015A5400F6A97D /* Main.storyboard */; };
		8BB057C620015A5400F6A97D /* Assets.xcassets in Resources */ = {isa = PBXBuildFile; fileRef = 8BB057C520015A5400F6A97D /* Assets.xcassets */; };
		8BB057C920015A5400F6A97D /* LaunchScreen.storyboard in Resources */ = {isa = PBXBuildFile; fileRef = 8BB057C720015A5400F6A97D /* LaunchScreen.storyboard */; };
/* End PBXBuildFile section */

/* Begin PBXFileReference section */
		8B0B82822007642C00DE76C2 /* splash-screen__logo.png */ = {isa = PBXFileReference; lastKnownFileType = image.png; path = "splash-screen__logo.png"; sourceTree = "<group>"; };
		8B0B82852007675200DE76C2 /* WebKit.framework */ = {isa = PBXFileReference; lastKnownFileType = wrapper.framework; name = WebKit.framework; path = System/Library/Frameworks/WebKit.framework; sourceTree = SDKROOT; };
		8BB057BB20015A5400F6A97D /* Estima.app */ = {isa = PBXFileReference; explicitFileType = wrapper.application; includeInIndex = 0; path = Estima.app; sourceTree = BUILT_PRODUCTS_DIR; };
		8BB057BE20015A5400F6A97D /* AppDelegate.swift */ = {isa = PBXFileReference; lastKnownFileType = sourcecode.swift; path = AppDelegate.swift; sourceTree = "<group>"; };
		8BB057C020015A5400F6A97D /* ViewController.swift */ = {isa = PBXFileReference; lastKnownFileType = sourcecode.swift; path = ViewController.swift; sourceTree = "<group>"; };
		8BB057C320015A5400F6A97D /* Base */ = {isa = PBXFileReference; lastKnownFileType = file.storyboard; name = Base; path = Base.lproj/Main.storyboard; sourceTree = "<group>"; };
		8BB057C520015A5400F6A97D /* Assets.xcassets */ = {isa = PBXFileReference; lastKnownFileType = folder.assetcatalog; path = Assets.xcassets; sourceTree = "<group>"; };
		8BB057C820015A5400F6A97D /* Base */ = {isa = PBXFileReference; lastKnownFileType = file.storyboard; name = Base; path = Base.lproj/LaunchScreen.storyboard; sourceTree = "<group>"; };
		8BB057CA20015A5400F6A97D /* Info.plist */ = {isa = PBXFileReference; lastKnownFileType = text.plist.xml; path = Info.plist; sourceTree = "<group>"; };
/* End PBXFileReference section */

/* Begin PBXFrameworksBuildPhase section */
		8BB057B820015A5300F6A97D /* Frameworks */ = {
			isa = PBXFrameworksBuildPhase;
			buildActionMask = 2147483647;
			files = (
			);
			runOnlyForDeploymentPostprocessing = 0;
		};
/* End PBXFrameworksBuildPhase section */

/* Begin PBXGroup section */
		8B0B82842007675200DE76C2 /* Frameworks */ = {
			isa = PBXGroup;
			children = (
				8B0B82852007675200DE76C2 /* WebKit.framework */,
			);
			name = Frameworks;
			sourceTree = "<group>";
		};
		8BB057B220015A5300F6A97D = {
			isa = PBXGroup;
			children = (
				8BB057BD20015A5400F6A97D /* Estima */,
				8BB057BC20015A5400F6A97D /* Products */,
				8B0B82842007675200DE76C2 /* Frameworks */,
			);
			sourceTree = "<group>";
		};
		8BB057BC20015A5400F6A97D /* Products */ = {
			isa = PBXGroup;
			children = (
				8BB057BB20015A5400F6A97D /* Estima.app */,
			);
			name = Products;
			sourceTree = "<group>";
		};
		8BB057BD20015A5400F6A97D /* Estima */ = {
			isa = PBXGroup;
			children = (
				8BB057BE20015A5400F6A97D /* AppDelegate.swift */,
				8BB057C020015A5400F6A97D /* ViewController.swift */,
				8BB057C220015A5400F6A97D /* Main.storyboard */,
				8BB057C520015A5400F6A97D /* Assets.xcassets */,
				8BB057C720015A5400F6A97D /* LaunchScreen.storyboard */,
				8B0B82822007642C00DE76C2 /* splash-screen__logo.png */,
				8BB057CA20015A5400F6A97D /* Info.plist */,
			);
			path = Estima;
			sourceTree = "<group>";
		};
/* End PBXGroup section */

/* Begin PBXNativeTarget section */
		8BB057BA20015A5300F6A97D /* Estima */ = {
			isa = PBXNativeTarget;
			buildConfigurationList = 8BB057CD20015A5400F6A97D /* Build configuration list for PBXNativeTarget "Estima" */;
			buildPhases = (
				8BB057B720015A5300F6A97D /* Sources */,
				8BB057B820015A5300F6A97D /* Frameworks */,
				8BB057B920015A5300F6A97D /* Resources */,
			);
			buildRules = (
			);
			dependencies = (
			);
			name = Estima;
			productName = MeilleursAgentsIOS;
			productReference = 8BB057BB20015A5400F6A97D /* Estima.app */;
			productType = "com.apple.product-type.application";
		};
/* End PBXNativeTarget section */

/* Begin PBXProject section */
		8BB057B320015A5300F6A97D /* Project object */ = {
			isa = PBXProject;
			attributes = {
				LastSwiftUpdateCheck = 0920;
				LastUpgradeCheck = 0920;
				ORGANIZATIONNAME = MeilleursAgents;
				TargetAttributes = {
					8BB057BA20015A5300F6A97D = {
						CreatedOnToolsVersion = 9.2;
						ProvisioningStyle = Automatic;
					};
				};
			};
			buildConfigurationList = 8BB057B620015A5300F6A97D /* Build configuration list for PBXProject "Estima" */;
			compatibilityVersion = "Xcode 8.0";
			developmentRegion = en;
			hasScannedForEncodings = 0;
			knownRegions = (
				en,
				Base,
			);
			mainGroup = 8BB057B220015A5300F6A97D;
			productRefGroup = 8BB057BC20015A5400F6A97D /* Products */;
			projectDirPath = "";
			projectRoot = "";
			targets = (
				8BB057BA20015A5300F6A97D /* Estima */,
			);
		};
/* End PBXProject section */

/* Begin PBXResourcesBuildPhase section */
		8BB057B920015A5300F6A97D /* Resources */ = {
			isa = PBXResourcesBuildPhase;
			buildActionMask = 2147483647;
			files = (
				8BB057C920015A5400F6A97D /* LaunchScreen.storyboard in Resources */,
				8B0B82832007642C00DE76C2 /* splash-screen__logo.png in Resources */,
				8BB057C620015A5400F6A97D /* Assets.xcassets in Resources */,
				8B1A64632008018C00F282B6 /* Info.plist in Resources */,
				8BB057C420015A5400F6A97D /* Main.storyboard in Resources */,
			);
			runOnlyForDeploymentPostprocessing = 0;
		};
/* End PBXResourcesBuildPhase section */

/* Begin PBXSourcesBuildPhase section */
		8BB057B720015A5300F6A97D /* Sources */ = {
			isa = PBXSourcesBuildPhase;
			buildActionMask = 2147483647;
			files = (
				8BB057C120015A5400F6A97D /* ViewController.swift in Sources */,
				8BB057BF20015A5400F6A97D /* AppDelegate.swift in Sources */,
			);
			runOnlyForDeploymentPostprocessing = 0;
		};
/* End PBXSourcesBuildPhase section */

/* Begin PBXVariantGroup section */
		8BB057C220015A5400F6A97D /* Main.storyboard */ = {
			isa = PBXVariantGroup;
			children = (
				8BB057C320015A5400F6A97D /* Base */,
			);
			name = Main.storyboard;
			sourceTree = "<group>";
		};
		8BB057C720015A5400F6A97D /* LaunchScreen.storyboard */ = {
			isa = PBXVariantGroup;
			children = (
				8BB057C820015A5400F6A97D /* Base */,
			);
			name = LaunchScreen.storyboard;
			sourceTree = "<group>";
		};
/* End PBXVariantGroup section */

/* Begin XCBuildConfiguration section */
		8BB057CB20015A5400F6A97D /* Debug */ = {
			isa = XCBuildConfiguration;
			buildSettings = {
				ALWAYS_SEARCH_USER_PATHS = NO;
				CLANG_ANALYZER_NONNULL = YES;
				CLANG_ANALYZER_NUMBER_OBJECT_CONVERSION = YES_AGGRESSIVE;
				CLANG_CXX_LANGUAGE_STANDARD = "gnu++14";
				CLANG_CXX_LIBRARY = "libc++";
				CLANG_ENABLE_MODULES = YES;
				CLANG_ENABLE_OBJC_ARC = YES;
				CLANG_WARN_BLOCK_CAPTURE_AUTORELEASING = YES;
				CLANG_WARN_BOOL_CONVERSION = YES;
				CLANG_WARN_COMMA = YES;
				CLANG_WARN_CONSTANT_CONVERSION = YES;
				CLANG_WARN_DIRECT_OBJC_ISA_USAGE = YES_ERROR;
				CLANG_WARN_DOCUMENTATION_COMMENTS = YES;
				CLANG_WARN_EMPTY_BODY = YES;
				CLANG_WARN_ENUM_CONVERSION = YES;
				CLANG_WARN_INFINITE_RECURSION = YES;
				CLANG_WARN_INT_CONVERSION = YES;
				CLANG_WARN_NON_LITERAL_NULL_CONVERSION = YES;
				CLANG_WARN_OBJC_LITERAL_CONVERSION = YES;
				CLANG_WARN_OBJC_ROOT_CLASS = YES_ERROR;
				CLANG_WARN_RANGE_LOOP_ANALYSIS = YES;
				CLANG_WARN_STRICT_PROTOTYPES = YES;
				CLANG_WARN_SUSPICIOUS_MOVE = YES;
				CLANG_WARN_UNGUARDED_AVAILABILITY = YES_AGGRESSIVE;
				CLANG_WARN_UNREACHABLE_CODE = YES;
				CLANG_WARN__DUPLICATE_METHOD_MATCH = YES;
				CODE_SIGN_IDENTITY = "iPhone Developer";
				COOKIE_DOMAIN = .meilleursagents.tech;
				COPY_PHASE_STRIP = NO;
				DEBUG_INFORMATION_FORMAT = dwarf;
				DEVELOPMENT_TEAM = 4W82SKQNBL;
				ENABLE_STRICT_OBJC_MSGSEND = YES;
				ENABLE_TESTABILITY = YES;
				GCC_C_LANGUAGE_STANDARD = gnu11;
				GCC_DYNAMIC_NO_PIC = NO;
				GCC_NO_COMMON_BLOCKS = YES;
				GCC_OPTIMIZATION_LEVEL = 0;
				GCC_PREPROCESSOR_DEFINITIONS = (
					"DEBUG=1",
					"$(inherited)",
				);
				GCC_WARN_64_TO_32_BIT_CONVERSION = YES;
				GCC_WARN_ABOUT_RETURN_TYPE = YES_ERROR;
				GCC_WARN_UNDECLARED_SELECTOR = YES;
				GCC_WARN_UNINITIALIZED_AUTOS = YES_AGGRESSIVE;
				GCC_WARN_UNUSED_FUNCTION = YES;
				GCC_WARN_UNUSED_VARIABLE = YES;
				INFOPLIST_FILE = /Users/jordid/MAWork/EstimaApp/Estima/Info.plist;
				IPHONEOS_DEPLOYMENT_TARGET = 11.2;
				MTL_ENABLE_DEBUG_INFO = YES;
				ONLY_ACTIVE_ARCH = YES;
				PRODUCT_BUNDLE_IDENTIFIER = com.meilleursagents.Estimation;
				SDKROOT = iphoneos;
				SWIFT_ACTIVE_COMPILATION_CONDITIONS = DEBUG;
				SWIFT_OPTIMIZATION_LEVEL = "-Onone";
				WWW_BASE_URL = "https://jordid-www.meilleursagents.tech/";
			};
			name = Debug;
		};
		8BB057CC20015A5400F6A97D /* Release */ = {
			isa = XCBuildConfiguration;
			buildSettings = {
				ALWAYS_SEARCH_USER_PATHS = NO;
				CLANG_ANALYZER_NONNULL = YES;
				CLANG_ANALYZER_NUMBER_OBJECT_CONVERSION = YES_AGGRESSIVE;
				CLANG_CXX_LANGUAGE_STANDARD = "gnu++14";
				CLANG_CXX_LIBRARY = "libc++";
				CLANG_ENABLE_MODULES = YES;
				CLANG_ENABLE_OBJC_ARC = YES;
				CLANG_WARN_BLOCK_CAPTURE_AUTORELEASING = YES;
				CLANG_WARN_BOOL_CONVERSION = YES;
				CLANG_WARN_COMMA = YES;
				CLANG_WARN_CONSTANT_CONVERSION = YES;
				CLANG_WARN_DIRECT_OBJC_ISA_USAGE = YES_ERROR;
				CLANG_WARN_DOCUMENTATION_COMMENTS = YES;
				CLANG_WARN_EMPTY_BODY = YES;
				CLANG_WARN_ENUM_CONVERSION = YES;
				CLANG_WARN_INFINITE_RECURSION = YES;
				CLANG_WARN_INT_CONVERSION = YES;
				CLANG_WARN_NON_LITERAL_NULL_CONVERSION = YES;
				CLANG_WARN_OBJC_LITERAL_CONVERSION = YES;
				CLANG_WARN_OBJC_ROOT_CLASS = YES_ERROR;
				CLANG_WARN_RANGE_LOOP_ANALYSIS = YES;
				CLANG_WARN_STRICT_PROTOTYPES = YES;
				CLANG_WARN_SUSPICIOUS_MOVE = YES;
				CLANG_WARN_UNGUARDED_AVAILABILITY = YES_AGGRESSIVE;
				CLANG_WARN_UNREACHABLE_CODE = YES;
				CLANG_WARN__DUPLICATE_METHOD_MATCH = YES;
				CODE_SIGN_IDENTITY = "iPhone Developer";
				COOKIE_DOMAIN = .meilleursagents.com;
				COPY_PHASE_STRIP = NO;
				DEBUG_INFORMATION_FORMAT = "dwarf-with-dsym";
				DEVELOPMENT_TEAM = 4W82SKQNBL;
				ENABLE_NS_ASSERTIONS = NO;
				ENABLE_STRICT_OBJC_MSGSEND = YES;
				GCC_C_LANGUAGE_STANDARD = gnu11;
				GCC_NO_COMMON_BLOCKS = YES;
				GCC_WARN_64_TO_32_BIT_CONVERSION = YES;
				GCC_WARN_ABOUT_RETURN_TYPE = YES_ERROR;
				GCC_WARN_UNDECLARED_SELECTOR = YES;
				GCC_WARN_UNINITIALIZED_AUTOS = YES_AGGRESSIVE;
				GCC_WARN_UNUSED_FUNCTION = YES;
				GCC_WARN_UNUSED_VARIABLE = YES;
				INFOPLIST_FILE = /Users/jordid/MAWork/EstimaApp/Estima/Info.plist;
				IPHONEOS_DEPLOYMENT_TARGET = 11.2;
				MTL_ENABLE_DEBUG_INFO = NO;
				PRODUCT_BUNDLE_IDENTIFIER = com.meilleursagents.Estimation;
				SDKROOT = iphoneos;
				SWIFT_OPTIMIZATION_LEVEL = "-Owholemodule";
				VALIDATE_PRODUCT = YES;
				WWW_BASE_URL = "https://www.meilleursagents.com/";
			};
			name = Release;
		};
		8BB057CE20015A5400F6A97D /* Debug */ = {
			isa = XCBuildConfiguration;
			buildSettings = {
				ASSETCATALOG_COMPILER_APPICON_NAME = AppIcon;
				CODE_SIGN_STYLE = Automatic;
				DEVELOPMENT_TEAM = 4W82SKQNBL;
				INFOPLIST_FILE = "$(PROJECT_DIR)/Estima/Info.plist";
				LD_RUNPATH_SEARCH_PATHS = "$(inherited) @executable_path/Frameworks";
				MTL_ENABLE_DEBUG_INFO = YES;
				PRODUCT_BUNDLE_IDENTIFIER = com.meilleursagents.Estimation;
				PRODUCT_NAME = "$(TARGET_NAME)";
				PROVISIONING_PROFILE = "";
				SWIFT_VERSION = 4.0;
				TARGETED_DEVICE_FAMILY = 1;
			};
			name = Debug;
		};
		8BB057CF20015A5400F6A97D /* Release */ = {
			isa = XCBuildConfiguration;
			buildSettings = {
				ASSETCATALOG_COMPILER_APPICON_NAME = AppIcon;
				CODE_SIGN_STYLE = Automatic;
				DEVELOPMENT_TEAM = 4W82SKQNBL;
				INFOPLIST_FILE = "$(PROJECT_DIR)/Estima/Info.plist";
				LD_RUNPATH_SEARCH_PATHS = "$(inherited) @executable_path/Frameworks";
				MTL_ENABLE_DEBUG_INFO = NO;
				PRODUCT_BUNDLE_IDENTIFIER = com.meilleursagents.Estimation;
				PRODUCT_NAME = "$(TARGET_NAME)";
				PROVISIONING_PROFILE = "";
				SWIFT_VERSION = 4.0;
				TARGETED_DEVICE_FAMILY = 1;
			};
			name = Release;
		};
/* End XCBuildConfiguration section */

/* Begin XCConfigurationList section */
		8BB057B620015A5300F6A97D /* Build configuration list for PBXProject "Estima" */ = {
			isa = XCConfigurationList;
			buildConfigurations = (
				8BB057CB20015A5400F6A97D /* Debug */,
				8BB057CC20015A5400F6A97D /* Release */,
			);
			defaultConfigurationIsVisible = 0;
			defaultConfigurationName = Release;
		};
		8BB057CD20015A5400F6A97D /* Build configuration list for PBXNativeTarget "Estima" */ = {
			isa = XCConfigurationList;
			buildConfigurations = (
				8BB057CE20015A5400F6A97D /* Debug */,
				8BB057CF20015A5400F6A97D /* Release */,
			);
			defaultConfigurationIsVisible = 0;
			defaultConfigurationName = Release;
		};
/* End XCConfigurationList section */
	};
	rootObject = 8BB057B320015A5300F6A97D /* Project object */;
}
